
Microsoft Visual Studio Solution File, Format Version 12.00
# Visual Studio Version 16
VisualStudioVersion = 16.0.30711.63
MinimumVisualStudioVersion = 10.0.40219.1
Project("{FAE04EC0-301F-11D3-BF4B-00C04F79EFBC}") = "OffserPerMap", "OffserPerMap\OffserPerMap.csproj", "{9300CC70-7D75-458B-ADC3-6DAFF08C88B6}"
EndProject
Global
	GlobalSection(SolutionConfigurationPlatforms) = preSolution
		Debug|Any CPU = Debug|Any CPU
		Release|Any CPU = Release|Any CPU
	EndGlobalSection
	GlobalSection(ProjectConfigurationPlatforms) = postSolution
		{9300CC70-7D75-458B-ADC3-6DAFF08C88B6}.Debug|Any CPU.ActiveCfg = Debug|Any CPU
		{9300CC70-7D75-458B-ADC3-6DAFF08C88B6}.Debug|Any CPU.Build.0 = Debug|Any CPU
		{9300CC70-7D75-458B-ADC3-6DAFF08C88B6}.Release|Any CPU.ActiveCfg = Release|Any CPU
		{9300CC70-7D75-458B-ADC3-6DAFF08C88B6}.Release|Any CPU.Build.0 = Release|Any CPU
	EndGlobalSection
	GlobalSection(SolutionProperties) = preSolution
		HideSolutionNode = FALSE
	EndGlobalSection
	GlobalSection(ExtensibilityGlobals) = postSolution
		SolutionGuid = {94F32F0B-F12E-48AD-AA20-CA0BB57E83C5}
	EndGlobalSection
EndGlobal
